
Microsoft Visual Studio Solution File, Format Version 12.00
# Visual Studio Version 16
VisualStudioVersion = 16.0.30709.64
MinimumVisualStudioVersion = 15.0.26124.0
Project("{2150E333-8FDC-42A3-9474-1A3956D46DE8}") = "src", "src", "{16B301FB-9659-410D-8E1D-81C394ED41D3}"
EndProject
Project("{9A19103F-16F7-4668-BE54-9A1E7A4F7556}") = "WeirdFlex.Api", "src\WeirdFlex.Api\WeirdFlex.Api.csproj", "{F51C7A13-C2B3-4383-B7F8-56D30DC7056B}"
EndProject
Project("{9A19103F-16F7-4668-BE54-9A1E7A4F7556}") = "WeirdFlex.Business", "src\WeirdFlex.Business\WeirdFlex.Business.csproj", "{7832256E-0AB3-4028-80E0-943D38122098}"
EndProject
Project("{9A19103F-16F7-4668-BE54-9A1E7A4F7556}") = "WeirdFlex.Data", "src\WeirdFlex.Data\WeirdFlex.Data.csproj", "{C63E6253-436E-4189-9CB0-5FEEF742DA37}"
EndProject
Project("{9A19103F-16F7-4668-BE54-9A1E7A4F7556}") = "WeirdFlex.Data.EF", "src\WeirdFlex.Data.EF\WeirdFlex.Data.EF.csproj", "{A2E22AA5-2C6C-48EE-8539-FA0FACC9C984}"
EndProject
Project("{2150E333-8FDC-42A3-9474-1A3956D46DE8}") = "0 - Web", "0 - Web", "{877EE5D2-0F5F-40AB-A49F-3DAB7D0B5155}"
EndProject
Project("{2150E333-8FDC-42A3-9474-1A3956D46DE8}") = "2 - Business", "2 - Business", "{4D29783E-D8E1-47BC-9385-2BA88BA789F1}"
EndProject
Project("{2150E333-8FDC-42A3-9474-1A3956D46DE8}") = "3 - Data", "3 - Data", "{CEEDED52-98B7-4682-B174-EFE9335FB22C}"
EndProject
Project("{2150E333-8FDC-42A3-9474-1A3956D46DE8}") = "1 - Common", "1 - Common", "{C1B33098-083D-4629-8B1D-0583DECE3737}"
EndProject
Project("{9A19103F-16F7-4668-BE54-9A1E7A4F7556}") = "WeirdFlex.Common", "src\WeirdFlex.Common\WeirdFlex.Common.csproj", "{716F2268-D27E-418D-A1FD-A65144A595AD}"
EndProject
Project("{2150E333-8FDC-42A3-9474-1A3956D46DE8}") = "test", "test", "{5F65190C-E77A-4393-8903-A641930DB1C8}"
EndProject
Project("{FAE04EC0-301F-11D3-BF4B-00C04F79EFBC}") = "WeirdFlex.Business.Tests", "test\WeirdFlex.Business.Tests\WeirdFlex.Business.Tests.csproj", "{06BBA591-60B3-4099-8392-E14F370EC551}"
EndProject
Global
	GlobalSection(SolutionConfigurationPlatforms) = preSolution
		Debug|Any CPU = Debug|Any CPU
		Debug|x64 = Debug|x64
		Debug|x86 = Debug|x86
		Release|Any CPU = Release|Any CPU
		Release|x64 = Release|x64
		Release|x86 = Release|x86
	EndGlobalSection
	GlobalSection(ProjectConfigurationPlatforms) = postSolution
		{F51C7A13-C2B3-4383-B7F8-56D30DC7056B}.Debug|Any CPU.ActiveCfg = Debug|Any CPU
		{F51C7A13-C2B3-4383-B7F8-56D30DC7056B}.Debug|Any CPU.Build.0 = Debug|Any CPU
		{F51C7A13-C2B3-4383-B7F8-56D30DC7056B}.Debug|x64.ActiveCfg = Debug|Any CPU
		{F51C7A13-C2B3-4383-B7F8-56D30DC7056B}.Debug|x64.Build.0 = Debug|Any CPU
		{F51C7A13-C2B3-4383-B7F8-56D30DC7056B}.Debug|x86.ActiveCfg = Debug|Any CPU
		{F51C7A13-C2B3-4383-B7F8-56D30DC7056B}.Debug|x86.Build.0 = Debug|Any CPU
		{F51C7A13-C2B3-4383-B7F8-56D30DC7056B}.Release|Any CPU.ActiveCfg = Release|Any CPU
		{F51C7A13-C2B3-4383-B7F8-56D30DC7056B}.Release|Any CPU.Build.0 = Release|Any CPU
		{F51C7A13-C2B3-4383-B7F8-56D30DC7056B}.Release|x64.ActiveCfg = Release|Any CPU
		{F51C7A13-C2B3-4383-B7F8-56D30DC7056B}.Release|x64.Build.0 = Release|Any CPU
		{F51C7A13-C2B3-4383-B7F8-56D30DC7056B}.Release|x86.ActiveCfg = Release|Any CPU
		{F51C7A13-C2B3-4383-B7F8-56D30DC7056B}.Release|x86.Build.0 = Release|Any CPU
		{7832256E-0AB3-4028-80E0-943D38122098}.Debug|Any CPU.ActiveCfg = Debug|Any CPU
		{7832256E-0AB3-4028-80E0-943D38122098}.Debug|Any CPU.Build.0 = Debug|Any CPU
		{7832256E-0AB3-4028-80E0-943D38122098}.Debug|x64.ActiveCfg = Debug|Any CPU
		{7832256E-0AB3-4028-80E0-943D38122098}.Debug|x64.Build.0 = Debug|Any CPU
		{7832256E-0AB3-4028-80E0-943D38122098}.Debug|x86.ActiveCfg = Debug|Any CPU
		{7832256E-0AB3-4028-80E0-943D38122098}.Debug|x86.Build.0 = Debug|Any CPU
		{7832256E-0AB3-4028-80E0-943D38122098}.Release|Any CPU.ActiveCfg = Release|Any CPU
		{7832256E-0AB3-4028-80E0-943D38122098}.Release|Any CPU.Build.0 = Release|Any CPU
		{7832256E-0AB3-4028-80E0-943D38122098}.Release|x64.ActiveCfg = Release|Any CPU
		{7832256E-0AB3-4028-80E0-943D38122098}.Release|x64.Build.0 = Release|Any CPU
		{7832256E-0AB3-4028-80E0-943D38122098}.Release|x86.ActiveCfg = Release|Any CPU
		{7832256E-0AB3-4028-80E0-943D38122098}.Release|x86.Build.0 = Release|Any CPU
		{C63E6253-436E-4189-9CB0-5FEEF742DA37}.Debug|Any CPU.ActiveCfg = Debug|Any CPU
		{C63E6253-436E-4189-9CB0-5FEEF742DA37}.Debug|Any CPU.Build.0 = Debug|Any CPU
		{C63E6253-436E-4189-9CB0-5FEEF742DA37}.Debug|x64.ActiveCfg = Debug|Any CPU
		{C63E6253-436E-4189-9CB0-5FEEF742DA37}.Debug|x64.Build.0 = Debug|Any CPU
		{C63E6253-436E-4189-9CB0-5FEEF742DA37}.Debug|x86.ActiveCfg = Debug|Any CPU
		{C63E6253-436E-4189-9CB0-5FEEF742DA37}.Debug|x86.Build.0 = Debug|Any CPU
		{C63E6253-436E-4189-9CB0-5FEEF742DA37}.Release|Any CPU.ActiveCfg = Release|Any CPU
		{C63E6253-436E-4189-9CB0-5FEEF742DA37}.Release|Any CPU.Build.0 = Release|Any CPU
		{C63E6253-436E-4189-9CB0-5FEEF742DA37}.Release|x64.ActiveCfg = Release|Any CPU
		{C63E6253-436E-4189-9CB0-5FEEF742DA37}.Release|x64.Build.0 = Release|Any CPU
		{C63E6253-436E-4189-9CB0-5FEEF742DA37}.Release|x86.ActiveCfg = Release|Any CPU
		{C63E6253-436E-4189-9CB0-5FEEF742DA37}.Release|x86.Build.0 = Release|Any CPU
		{A2E22AA5-2C6C-48EE-8539-FA0FACC9C984}.Debug|Any CPU.ActiveCfg = Debug|Any CPU
		{A2E22AA5-2C6C-48EE-8539-FA0FACC9C984}.Debug|Any CPU.Build.0 = Debug|Any CPU
		{A2E22AA5-2C6C-48EE-8539-FA0FACC9C984}.Debug|x64.ActiveCfg = Debug|Any CPU
		{A2E22AA5-2C6C-48EE-8539-FA0FACC9C984}.Debug|x64.Build.0 = Debug|Any CPU
		{A2E22AA5-2C6C-48EE-8539-FA0FACC9C984}.Debug|x86.ActiveCfg = Debug|Any CPU
		{A2E22AA5-2C6C-48EE-8539-FA0FACC9C984}.Debug|x86.Build.0 = Debug|Any CPU
		{A2E22AA5-2C6C-48EE-8539-FA0FACC9C984}.Release|Any CPU.ActiveCfg = Release|Any CPU
		{A2E22AA5-2C6C-48EE-8539-FA0FACC9C984}.Release|Any CPU.Build.0 = Release|Any CPU
		{A2E22AA5-2C6C-48EE-8539-FA0FACC9C984}.Release|x64.ActiveCfg = Release|Any CPU
		{A2E22AA5-2C6C-48EE-8539-FA0FACC9C984}.Release|x64.Build.0 = Release|Any CPU
		{A2E22AA5-2C6C-48EE-8539-FA0FACC9C984}.Release|x86.ActiveCfg = Release|Any CPU
		{A2E22AA5-2C6C-48EE-8539-FA0FACC9C984}.Release|x86.Build.0 = Release|Any CPU
		{716F2268-D27E-418D-A1FD-A65144A595AD}.Debug|Any CPU.ActiveCfg = Debug|Any CPU
		{716F2268-D27E-418D-A1FD-A65144A595AD}.Debug|Any CPU.Build.0 = Debug|Any CPU
		{716F2268-D27E-418D-A1FD-A65144A595AD}.Debug|x64.ActiveCfg = Debug|Any CPU
		{716F2268-D27E-418D-A1FD-A65144A595AD}.Debug|x64.Build.0 = Debug|Any CPU
		{716F2268-D27E-418D-A1FD-A65144A595AD}.Debug|x86.ActiveCfg = Debug|Any CPU
		{716F2268-D27E-418D-A1FD-A65144A595AD}.Debug|x86.Build.0 = Debug|Any CPU
		{716F2268-D27E-418D-A1FD-A65144A595AD}.Release|Any CPU.ActiveCfg = Release|Any CPU
		{716F2268-D27E-418D-A1FD-A65144A595AD}.Release|Any CPU.Build.0 = Release|Any CPU
		{716F2268-D27E-418D-A1FD-A65144A595AD}.Release|x64.ActiveCfg = Release|Any CPU
		{716F2268-D27E-418D-A1FD-A65144A595AD}.Release|x64.Build.0 = Release|Any CPU
		{716F2268-D27E-418D-A1FD-A65144A595AD}.Release|x86.ActiveCfg = Release|Any CPU
		{716F2268-D27E-418D-A1FD-A65144A595AD}.Release|x86.Build.0 = Release|Any CPU
		{06BBA591-60B3-4099-8392-E14F370EC551}.Debug|Any CPU.ActiveCfg = Debug|Any CPU
		{06BBA591-60B3-4099-8392-E14F370EC551}.Debug|Any CPU.Build.0 = Debug|Any CPU
		{06BBA591-60B3-4099-8392-E14F370EC551}.Debug|x64.ActiveCfg = Debug|Any CPU
		{06BBA591-60B3-4099-8392-E14F370EC551}.Debug|x64.Build.0 = Debug|Any CPU
		{06BBA591-60B3-4099-8392-E14F370EC551}.Debug|x86.ActiveCfg = Debug|Any CPU
		{06BBA591-60B3-4099-8392-E14F370EC551}.Debug|x86.Build.0 = Debug|Any CPU
		{06BBA591-60B3-4099-8392-E14F370EC551}.Release|Any CPU.ActiveCfg = Release|Any CPU
		{06BBA591-60B3-4099-8392-E14F370EC551}.Release|Any CPU.Build.0 = Release|Any CPU
		{06BBA591-60B3-4099-8392-E14F370EC551}.Release|x64.ActiveCfg = Release|Any CPU
		{06BBA591-60B3-4099-8392-E14F370EC551}.Release|x64.Build.0 = Release|Any CPU
		{06BBA591-60B3-4099-8392-E14F370EC551}.Release|x86.ActiveCfg = Release|Any CPU
		{06BBA591-60B3-4099-8392-E14F370EC551}.Release|x86.Build.0 = Release|Any CPU
	EndGlobalSection
	GlobalSection(SolutionProperties) = preSolution
		HideSolutionNode = FALSE
	EndGlobalSection
	GlobalSection(NestedProjects) = preSolution
		{F51C7A13-C2B3-4383-B7F8-56D30DC7056B} = {877EE5D2-0F5F-40AB-A49F-3DAB7D0B5155}
		{7832256E-0AB3-4028-80E0-943D38122098} = {4D29783E-D8E1-47BC-9385-2BA88BA789F1}
		{C63E6253-436E-4189-9CB0-5FEEF742DA37} = {CEEDED52-98B7-4682-B174-EFE9335FB22C}
		{A2E22AA5-2C6C-48EE-8539-FA0FACC9C984} = {CEEDED52-98B7-4682-B174-EFE9335FB22C}
		{877EE5D2-0F5F-40AB-A49F-3DAB7D0B5155} = {16B301FB-9659-410D-8E1D-81C394ED41D3}
		{4D29783E-D8E1-47BC-9385-2BA88BA789F1} = {16B301FB-9659-410D-8E1D-81C394ED41D3}
		{CEEDED52-98B7-4682-B174-EFE9335FB22C} = {16B301FB-9659-410D-8E1D-81C394ED41D3}
		{C1B33098-083D-4629-8B1D-0583DECE3737} = {16B301FB-9659-410D-8E1D-81C394ED41D3}
		{716F2268-D27E-418D-A1FD-A65144A595AD} = {C1B33098-083D-4629-8B1D-0583DECE3737}
		{06BBA591-60B3-4099-8392-E14F370EC551} = {5F65190C-E77A-4393-8903-A641930DB1C8}
	EndGlobalSection
	GlobalSection(ExtensibilityGlobals) = postSolution
		SolutionGuid = {0AC75FD8-0F5B-432E-B9CF-9886B64D593D}
	EndGlobalSection
EndGlobal
